// !$*UTF8*$!
{
	archiveVersion = 1;
	classes = {
	};
	objectVersion = 46;
	objects = {

/* Begin PBXBuildFile section */
		1FAD11201D44511A00BA44A7 /* AppDelegate.swift in Sources */ = {isa = PBXBuildFile; fileRef = 1FAD111F1D44511A00BA44A7 /* AppDelegate.swift */; };
		1FAD11221D44511A00BA44A7 /* ViewController.swift in Sources */ = {isa = PBXBuildFile; fileRef = 1FAD11211D44511A00BA44A7 /* ViewController.swift */; };
		1FAD11251D44511A00BA44A7 /* Main.storyboard in Resources */ = {isa = PBXBuildFile; fileRef = 1FAD11231D44511A00BA44A7 /* Main.storyboard */; };
		1FAD11271D44511A00BA44A7 /* Assets.xcassets in Resources */ = {isa = PBXBuildFile; fileRef = 1FAD11261D44511A00BA44A7 /* Assets.xcassets */; };
		1FAD112A1D44511A00BA44A7 /* LaunchScreen.storyboard in Resources */ = {isa = PBXBuildFile; fileRef = 1FAD11281D44511A00BA44A7 /* LaunchScreen.storyboard */; };
		1FAD11351D44511A00BA44A7 /* FYRGBPicker_newTests.swift in Sources */ = {isa = PBXBuildFile; fileRef = 1FAD11341D44511A00BA44A7 /* FYRGBPicker_newTests.swift */; };
		1FAD11401D44511A00BA44A7 /* FYRGBPicker_newUITests.swift in Sources */ = {isa = PBXBuildFile; fileRef = 1FAD113F1D44511A00BA44A7 /* FYRGBPicker_newUITests.swift */; };
		1FAD114E1D44519E00BA44A7 /* 仮.jpg in Resources */ = {isa = PBXBuildFile; fileRef = 1FAD114D1D44519E00BA44A7 /* 仮.jpg */; };
		1FAD11501D44599800BA44A7 /* red.jpg in Resources */ = {isa = PBXBuildFile; fileRef = 1FAD114F1D44599800BA44A7 /* red.jpg */; };
/* End PBXBuildFile section */

/* Begin PBXContainerItemProxy section */
		1FAD11311D44511A00BA44A7 /* PBXContainerItemProxy */ = {
			isa = PBXContainerItemProxy;
			containerPortal = 1FAD11141D44511A00BA44A7 /* Project object */;
			proxyType = 1;
			remoteGlobalIDString = 1FAD111B1D44511A00BA44A7;
			remoteInfo = FYRGBPicker_new;
		};
		1FAD113C1D44511A00BA44A7 /* PBXContainerItemProxy */ = {
			isa = PBXContainerItemProxy;
			containerPortal = 1FAD11141D44511A00BA44A7 /* Project object */;
			proxyType = 1;
			remoteGlobalIDString = 1FAD111B1D44511A00BA44A7;
			remoteInfo = FYRGBPicker_new;
		};
/* End PBXContainerItemProxy section */

/* Begin PBXFileReference section */
		1FAD111C1D44511A00BA44A7 /* FYRGBPicker_new.app */ = {isa = PBXFileReference; explicitFileType = wrapper.application; includeInIndex = 0; path = FYRGBPicker_new.app; sourceTree = BUILT_PRODUCTS_DIR; };
		1FAD111F1D44511A00BA44A7 /* AppDelegate.swift */ = {isa = PBXFileReference; lastKnownFileType = sourcecode.swift; path = AppDelegate.swift; sourceTree = "<group>"; };
		1FAD11211D44511A00BA44A7 /* ViewController.swift */ = {isa = PBXFileReference; lastKnownFileType = sourcecode.swift; path = ViewController.swift; sourceTree = "<group>"; };
		1FAD11241D44511A00BA44A7 /* Base */ = {isa = PBXFileReference; lastKnownFileType = file.storyboard; name = Base; path = Base.lproj/Main.storyboard; sourceTree = "<group>"; };
		1FAD11261D44511A00BA44A7 /* Assets.xcassets */ = {isa = PBXFileReference; lastKnownFileType = folder.assetcatalog; path = Assets.xcassets; sourceTree = "<group>"; };
		1FAD11291D44511A00BA44A7 /* Base */ = {isa = PBXFileReference; lastKnownFileType = file.storyboard; name = Base; path = Base.lproj/LaunchScreen.storyboard; sourceTree = "<group>"; };
		1FAD112B1D44511A00BA44A7 /* Info.plist */ = {isa = PBXFileReference; lastKnownFileType = text.plist.xml; path = Info.plist; sourceTree = "<group>"; };
		1FAD11301D44511A00BA44A7 /* FYRGBPicker_newTests.xctest */ = {isa = PBXFileReference; explicitFileType = wrapper.cfbundle; includeInIndex = 0; path = FYRGBPicker_newTests.xctest; sourceTree = BUILT_PRODUCTS_DIR; };
		1FAD11341D44511A00BA44A7 /* FYRGBPicker_newTests.swift */ = {isa = PBXFileReference; lastKnownFileType = sourcecode.swift; path = FYRGBPicker_newTests.swift; sourceTree = "<group>"; };
		1FAD11361D44511A00BA44A7 /* Info.plist */ = {isa = PBXFileReference; lastKnownFileType = text.plist.xml; path = Info.plist; sourceTree = "<group>"; };
		1FAD113B1D44511A00BA44A7 /* FYRGBPicker_newUITests.xctest */ = {isa = PBXFileReference; explicitFileType = wrapper.cfbundle; includeInIndex = 0; path = FYRGBPicker_newUITests.xctest; sourceTree = BUILT_PRODUCTS_DIR; };
		1FAD113F1D44511A00BA44A7 /* FYRGBPicker_newUITests.swift */ = {isa = PBXFileReference; lastKnownFileType = sourcecode.swift; path = FYRGBPicker_newUITests.swift; sourceTree = "<group>"; };
		1FAD11411D44511A00BA44A7 /* Info.plist */ = {isa = PBXFileReference; lastKnownFileType = text.plist.xml; path = Info.plist; sourceTree = "<group>"; };
		1FAD114D1D44519E00BA44A7 /* 仮.jpg */ = {isa = PBXFileReference; lastKnownFileType = image.jpeg; path = "仮.jpg"; sourceTree = "<group>"; };
		1FAD114F1D44599800BA44A7 /* red.jpg */ = {isa = PBXFileReference; lastKnownFileType = image.jpeg; path = red.jpg; sourceTree = "<group>"; };
/* End PBXFileReference section */

/* Begin PBXFrameworksBuildPhase section */
		1FAD11191D44511A00BA44A7 /* Frameworks */ = {
			isa = PBXFrameworksBuildPhase;
			buildActionMask = 2147483647;
			files = (
			);
			runOnlyForDeploymentPostprocessing = 0;
		};
		1FAD112D1D44511A00BA44A7 /* Frameworks */ = {
			isa = PBXFrameworksBuildPhase;
			buildActionMask = 2147483647;
			files = (
			);
			runOnlyForDeploymentPostprocessing = 0;
		};
		1FAD11381D44511A00BA44A7 /* Frameworks */ = {
			isa = PBXFrameworksBuildPhase;
			buildActionMask = 2147483647;
			files = (
			);
			runOnlyForDeploymentPostprocessing = 0;
		};
/* End PBXFrameworksBuildPhase section */

/* Begin PBXGroup section */
		1FAD11131D44511A00BA44A7 = {
			isa = PBXGroup;
			children = (
				1FAD114F1D44599800BA44A7 /* red.jpg */,
				1FAD114D1D44519E00BA44A7 /* 仮.jpg */,
				1FAD111E1D44511A00BA44A7 /* FYRGBPicker_new */,
				1FAD11331D44511A00BA44A7 /* FYRGBPicker_newTests */,
				1FAD113E1D44511A00BA44A7 /* FYRGBPicker_newUITests */,
				1FAD111D1D44511A00BA44A7 /* Products */,
			);
			sourceTree = "<group>";
		};
		1FAD111D1D44511A00BA44A7 /* Products */ = {
			isa = PBXGroup;
			children = (
				1FAD111C1D44511A00BA44A7 /* FYRGBPicker_new.app */,
				1FAD11301D44511A00BA44A7 /* FYRGBPicker_newTests.xctest */,
				1FAD113B1D44511A00BA44A7 /* FYRGBPicker_newUITests.xctest */,
			);
			name = Products;
			sourceTree = "<group>";
		};
		1FAD111E1D44511A00BA44A7 /* FYRGBPicker_new */ = {
			isa = PBXGroup;
			children = (
				1FAD111F1D44511A00BA44A7 /* AppDelegate.swift */,
				1FAD11211D44511A00BA44A7 /* ViewController.swift */,
				1FAD11231D44511A00BA44A7 /* Main.storyboard */,
				1FAD11261D44511A00BA44A7 /* Assets.xcassets */,
				1FAD11281D44511A00BA44A7 /* LaunchScreen.storyboard */,
				1FAD112B1D44511A00BA44A7 /* Info.plist */,
			);
			path = FYRGBPicker_new;
			sourceTree = "<group>";
		};
		1FAD11331D44511A00BA44A7 /* FYRGBPicker_newTests */ = {
			isa = PBXGroup;
			children = (
				1FAD11341D44511A00BA44A7 /* FYRGBPicker_newTests.swift */,
				1FAD11361D44511A00BA44A7 /* Info.plist */,
			);
			path = FYRGBPicker_newTests;
			sourceTree = "<group>";
		};
		1FAD113E1D44511A00BA44A7 /* FYRGBPicker_newUITests */ = {
			isa = PBXGroup;
			children = (
				1FAD113F1D44511A00BA44A7 /* FYRGBPicker_newUITests.swift */,
				1FAD11411D44511A00BA44A7 /* Info.plist */,
			);
			path = FYRGBPicker_newUITests;
			sourceTree = "<group>";
		};
/* End PBXGroup section */

/* Begin PBXNativeTarget section */
		1FAD111B1D44511A00BA44A7 /* FYRGBPicker_new */ = {
			isa = PBXNativeTarget;
			buildConfigurationList = 1FAD11441D44511A00BA44A7 /* Build configuration list for PBXNativeTarget "FYRGBPicker_new" */;
			buildPhases = (
				1FAD11181D44511A00BA44A7 /* Sources */,
				1FAD11191D44511A00BA44A7 /* Frameworks */,
				1FAD111A1D44511A00BA44A7 /* Resources */,
			);
			buildRules = (
			);
			dependencies = (
			);
			name = FYRGBPicker_new;
			productName = FYRGBPicker_new;
			productReference = 1FAD111C1D44511A00BA44A7 /* FYRGBPicker_new.app */;
			productType = "com.apple.product-type.application";
		};
		1FAD112F1D44511A00BA44A7 /* FYRGBPicker_newTests */ = {
			isa = PBXNativeTarget;
			buildConfigurationList = 1FAD11471D44511A00BA44A7 /* Build configuration list for PBXNativeTarget "FYRGBPicker_newTests" */;
			buildPhases = (
				1FAD112C1D44511A00BA44A7 /* Sources */,
				1FAD112D1D44511A00BA44A7 /* Frameworks */,
				1FAD112E1D44511A00BA44A7 /* Resources */,
			);
			buildRules = (
			);
			dependencies = (
				1FAD11321D44511A00BA44A7 /* PBXTargetDependency */,
			);
			name = FYRGBPicker_newTests;
			productName = FYRGBPicker_newTests;
			productReference = 1FAD11301D44511A00BA44A7 /* FYRGBPicker_newTests.xctest */;
			productType = "com.apple.product-type.bundle.unit-test";
		};
		1FAD113A1D44511A00BA44A7 /* FYRGBPicker_newUITests */ = {
			isa = PBXNativeTarget;
			buildConfigurationList = 1FAD114A1D44511A00BA44A7 /* Build configuration list for PBXNativeTarget "FYRGBPicker_newUITests" */;
			buildPhases = (
				1FAD11371D44511A00BA44A7 /* Sources */,
				1FAD11381D44511A00BA44A7 /* Frameworks */,
				1FAD11391D44511A00BA44A7 /* Resources */,
			);
			buildRules = (
			);
			dependencies = (
				1FAD113D1D44511A00BA44A7 /* PBXTargetDependency */,
			);
			name = FYRGBPicker_newUITests;
			productName = FYRGBPicker_newUITests;
			productReference = 1FAD113B1D44511A00BA44A7 /* FYRGBPicker_newUITests.xctest */;
			productType = "com.apple.product-type.bundle.ui-testing";
		};
/* End PBXNativeTarget section */

/* Begin PBXProject section */
		1FAD11141D44511A00BA44A7 /* Project object */ = {
			isa = PBXProject;
			attributes = {
				LastSwiftUpdateCheck = 0720;
				LastUpgradeCheck = 0720;
				ORGANIZATIONNAME = FumikoYamamoto;
				TargetAttributes = {
					1FAD111B1D44511A00BA44A7 = {
						CreatedOnToolsVersion = 7.2;
					};
					1FAD112F1D44511A00BA44A7 = {
						CreatedOnToolsVersion = 7.2;
						TestTargetID = 1FAD111B1D44511A00BA44A7;
					};
					1FAD113A1D44511A00BA44A7 = {
						CreatedOnToolsVersion = 7.2;
						TestTargetID = 1FAD111B1D44511A00BA44A7;
					};
				};
			};
			buildConfigurationList = 1FAD11171D44511A00BA44A7 /* Build configuration list for PBXProject "FYRGBPicker_new" */;
			compatibilityVersion = "Xcode 3.2";
			developmentRegion = English;
			hasScannedForEncodings = 0;
			knownRegions = (
				en,
				Base,
			);
			mainGroup = 1FAD11131D44511A00BA44A7;
			productRefGroup = 1FAD111D1D44511A00BA44A7 /* Products */;
			projectDirPath = "";
			projectRoot = "";
			targets = (
				1FAD111B1D44511A00BA44A7 /* FYRGBPicker_new */,
				1FAD112F1D44511A00BA44A7 /* FYRGBPicker_newTests */,
				1FAD113A1D44511A00BA44A7 /* FYRGBPicker_newUITests */,
			);
		};
/* End PBXProject section */

/* Begin PBXResourcesBuildPhase section */
		1FAD111A1D44511A00BA44A7 /* Resources */ = {
			isa = PBXResourcesBuildPhase;
			buildActionMask = 2147483647;
			files = (
				1FAD112A1D44511A00BA44A7 /* LaunchScreen.storyboard in Resources */,
				1FAD11271D44511A00BA44A7 /* Assets.xcassets in Resources */,
				1FAD114E1D44519E00BA44A7 /* 仮.jpg in Resources */,
				1FAD11501D44599800BA44A7 /* red.jpg in Resources */,
				1FAD11251D44511A00BA44A7 /* Main.storyboard in Resources */,
			);
			runOnlyForDeploymentPostprocessing = 0;
		};
		1FAD112E1D44511A00BA44A7 /* Resources */ = {
			isa = PBXResourcesBuildPhase;
			buildActionMask = 2147483647;
			files = (
			);
			runOnlyForDeploymentPostprocessing = 0;
		};
		1FAD11391D44511A00BA44A7 /* Resources */ = {
			isa = PBXResourcesBuildPhase;
			buildActionMask = 2147483647;
			files = (
			);
			runOnlyForDeploymentPostprocessing = 0;
		};
/* End PBXResourcesBuildPhase section */

/* Begin PBXSourcesBuildPhase section */
		1FAD11181D44511A00BA44A7 /* Sources */ = {
			isa = PBXSourcesBuildPhase;
			buildActionMask = 2147483647;
			files = (
				1FAD11221D44511A00BA44A7 /* ViewController.swift in Sources */,
				1FAD11201D44511A00BA44A7 /* AppDelegate.swift in Sources */,
			);
			runOnlyForDeploymentPostprocessing = 0;
		};
		1FAD112C1D44511A00BA44A7 /* Sources */ = {
			isa = PBXSourcesBuildPhase;
			buildActionMask = 2147483647;
			files = (
				1FAD11351D44511A00BA44A7 /* FYRGBPicker_newTests.swift in Sources */,
			);
			runOnlyForDeploymentPostprocessing = 0;
		};
		1FAD11371D44511A00BA44A7 /* Sources */ = {
			isa = PBXSourcesBuildPhase;
			buildActionMask = 2147483647;
			files = (
				1FAD11401D44511A00BA44A7 /* FYRGBPicker_newUITests.swift in Sources */,
			);
			runOnlyForDeploymentPostprocessing = 0;
		};
/* End PBXSourcesBuildPhase section */

/* Begin PBXTargetDependency section */
		1FAD11321D44511A00BA44A7 /* PBXTargetDependency */ = {
			isa = PBXTargetDependency;
			target = 1FAD111B1D44511A00BA44A7 /* FYRGBPicker_new */;
			targetProxy = 1FAD11311D44511A00BA44A7 /* PBXContainerItemProxy */;
		};
		1FAD113D1D44511A00BA44A7 /* PBXTargetDependency */ = {
			isa = PBXTargetDependency;
			target = 1FAD111B1D44511A00BA44A7 /* FYRGBPicker_new */;
			targetProxy = 1FAD113C1D44511A00BA44A7 /* PBXContainerItemProxy */;
		};
/* End PBXTargetDependency section */

/* Begin PBXVariantGroup section */
		1FAD11231D44511A00BA44A7 /* Main.storyboard */ = {
			isa = PBXVariantGroup;
			children = (
				1FAD11241D44511A00BA44A7 /* Base */,
			);
			name = Main.storyboard;
			sourceTree = "<group>";
		};
		1FAD11281D44511A00BA44A7 /* LaunchScreen.storyboard */ = {
			isa = PBXVariantGroup;
			children = (
				1FAD11291D44511A00BA44A7 /* Base */,
			);
			name = LaunchScreen.storyboard;
			sourceTree = "<group>";
		};
/* End PBXVariantGroup section */

/* Begin XCBuildConfiguration section */
		1FAD11421D44511A00BA44A7 /* Debug */ = {
			isa = XCBuildConfiguration;
			buildSettings = {
				ALWAYS_SEARCH_USER_PATHS = NO;
				CLANG_CXX_LANGUAGE_STANDARD = "gnu++0x";
				CLANG_CXX_LIBRARY = "libc++";
				CLANG_ENABLE_MODULES = YES;
				CLANG_ENABLE_OBJC_ARC = YES;
				CLANG_WARN_BOOL_CONVERSION = YES;
				CLANG_WARN_CONSTANT_CONVERSION = YES;
				CLANG_WARN_DIRECT_OBJC_ISA_USAGE = YES_ERROR;
				CLANG_WARN_EMPTY_BODY = YES;
				CLANG_WARN_ENUM_CONVERSION = YES;
				CLANG_WARN_INT_CONVERSION = YES;
				CLANG_WARN_OBJC_ROOT_CLASS = YES_ERROR;
				CLANG_WARN_UNREACHABLE_CODE = YES;
				CLANG_WARN__DUPLICATE_METHOD_MATCH = YES;
				"CODE_SIGN_IDENTITY[sdk=iphoneos*]" = "iPhone Developer";
				COPY_PHASE_STRIP = NO;
				DEBUG_INFORMATION_FORMAT = dwarf;
				ENABLE_STRICT_OBJC_MSGSEND = YES;
				ENABLE_TESTABILITY = YES;
				GCC_C_LANGUAGE_STANDARD = gnu99;
				GCC_DYNAMIC_NO_PIC = NO;
				GCC_NO_COMMON_BLOCKS = YES;
				GCC_OPTIMIZATION_LEVEL = 0;
				GCC_PREPROCESSOR_DEFINITIONS = (
					"DEBUG=1",
					"$(inherited)",
				);
				GCC_WARN_64_TO_32_BIT_CONVERSION = YES;
				GCC_WARN_ABOUT_RETURN_TYPE = YES_ERROR;
				GCC_WARN_UNDECLARED_SELECTOR = YES;
				GCC_WARN_UNINITIALIZED_AUTOS = YES_AGGRESSIVE;
				GCC_WARN_UNUSED_FUNCTION = YES;
				GCC_WARN_UNUSED_VARIABLE = YES;
				IPHONEOS_DEPLOYMENT_TARGET = 9.2;
				MTL_ENABLE_DEBUG_INFO = YES;
				ONLY_ACTIVE_ARCH = YES;
				SDKROOT = iphoneos;
				SWIFT_OPTIMIZATION_LEVEL = "-Onone";
				TARGETED_DEVICE_FAMILY = "1,2";
			};
			name = Debug;
		};
		1FAD11431D44511A00BA44A7 /* Release */ = {
			isa = XCBuildConfiguration;
			buildSettings = {
				ALWAYS_SEARCH_USER_PATHS = NO;
				CLANG_CXX_LANGUAGE_STANDARD = "gnu++0x";
				CLANG_CXX_LIBRARY = "libc++";
				CLANG_ENABLE_MODULES = YES;
				CLANG_ENABLE_OBJC_ARC = YES;
				CLANG_WARN_BOOL_CONVERSION = YES;
				CLANG_WARN_CONSTANT_CONVERSION = YES;
				CLANG_WARN_DIRECT_OBJC_ISA_USAGE = YES_ERROR;
				CLANG_WARN_EMPTY_BODY = YES;
				CLANG_WARN_ENUM_CONVERSION = YES;
				CLANG_WARN_INT_CONVERSION = YES;
				CLANG_WARN_OBJC_ROOT_CLASS = YES_ERROR;
				CLANG_WARN_UNREACHABLE_CODE = YES;
				CLANG_WARN__DUPLICATE_METHOD_MATCH = YES;
				"CODE_SIGN_IDENTITY[sdk=iphoneos*]" = "iPhone Developer";
				COPY_PHASE_STRIP = NO;
				DEBUG_INFORMATION_FORMAT = "dwarf-with-dsym";
				ENABLE_NS_ASSERTIONS = NO;
				ENABLE_STRICT_OBJC_MSGSEND = YES;
				GCC_C_LANGUAGE_STANDARD = gnu99;
				GCC_NO_COMMON_BLOCKS = YES;
				GCC_WARN_64_TO_32_BIT_CONVERSION = YES;
				GCC_WARN_ABOUT_RETURN_TYPE = YES_ERROR;
				GCC_WARN_UNDECLARED_SELECTOR = YES;
				GCC_WARN_UNINITIALIZED_AUTOS = YES_AGGRESSIVE;
				GCC_WARN_UNUSED_FUNCTION = YES;
				GCC_WARN_UNUSED_VARIABLE = YES;
				IPHONEOS_DEPLOYMENT_TARGET = 9.2;
				MTL_ENABLE_DEBUG_INFO = NO;
				SDKROOT = iphoneos;
				TARGETED_DEVICE_FAMILY = "1,2";
				VALIDATE_PRODUCT = YES;
			};
			name = Release;
		};
		1FAD11451D44511A00BA44A7 /* Debug */ = {
			isa = XCBuildConfiguration;
			buildSettings = {
				ASSETCATALOG_COMPILER_APPICON_NAME = AppIcon;
				INFOPLIST_FILE = FYRGBPicker_new/Info.plist;
				LD_RUNPATH_SEARCH_PATHS = "$(inherited) @executable_path/Frameworks";
				PRODUCT_BUNDLE_IDENTIFIER = "fumiko.FYRGBPicker-new";
				PRODUCT_NAME = "$(TARGET_NAME)";
				TARGETED_DEVICE_FAMILY = "1,2";
			};
			name = Debug;
		};
		1FAD11461D44511A00BA44A7 /* Release */ = {
			isa = XCBuildConfiguration;
			buildSettings = {
				ASSETCATALOG_COMPILER_APPICON_NAME = AppIcon;
				INFOPLIST_FILE = FYRGBPicker_new/Info.plist;
				LD_RUNPATH_SEARCH_PATHS = "$(inherited) @executable_path/Frameworks";
				PRODUCT_BUNDLE_IDENTIFIER = "fumiko.FYRGBPicker-new";
				PRODUCT_NAME = "$(TARGET_NAME)";
				TARGETED_DEVICE_FAMILY = "1,2";
			};
			name = Release;
		};
		1FAD11481D44511A00BA44A7 /* Debug */ = {
			isa = XCBuildConfiguration;
			buildSettings = {
				BUNDLE_LOADER = "$(TEST_HOST)";
				INFOPLIST_FILE = FYRGBPicker_newTests/Info.plist;
				LD_RUNPATH_SEARCH_PATHS = "$(inherited) @executable_path/Frameworks @loader_path/Frameworks";
				PRODUCT_BUNDLE_IDENTIFIER = "fumiko.FYRGBPicker-newTests";
				PRODUCT_NAME = "$(TARGET_NAME)";
				TEST_HOST = "$(BUILT_PRODUCTS_DIR)/FYRGBPicker_new.app/FYRGBPicker_new";
			};
			name = Debug;
		};
		1FAD11491D44511A00BA44A7 /* Release */ = {
			isa = XCBuildConfiguration;
			buildSettings = {
				BUNDLE_LOADER = "$(TEST_HOST)";
				INFOPLIST_FILE = FYRGBPicker_newTests/Info.plist;
				LD_RUNPATH_SEARCH_PATHS = "$(inherited) @executable_path/Frameworks @loader_path/Frameworks";
				PRODUCT_BUNDLE_IDENTIFIER = "fumiko.FYRGBPicker-newTests";
				PRODUCT_NAME = "$(TARGET_NAME)";
				TEST_HOST = "$(BUILT_PRODUCTS_DIR)/FYRGBPicker_new.app/FYRGBPicker_new";
			};
			name = Release;
		};
		1FAD114B1D44511A00BA44A7 /* Debug */ = {
			isa = XCBuildConfiguration;
			buildSettings = {
				INFOPLIST_FILE = FYRGBPicker_newUITests/Info.plist;
				LD_RUNPATH_SEARCH_PATHS = "$(inherited) @executable_path/Frameworks @loader_path/Frameworks";
				PRODUCT_BUNDLE_IDENTIFIER = "fumiko.FYRGBPicker-newUITests";
				PRODUCT_NAME = "$(TARGET_NAME)";
				TEST_TARGET_NAME = FYRGBPicker_new;
				USES_XCTRUNNER = YES;
			};
			name = Debug;
		};
		1FAD114C1D44511A00BA44A7 /* Release */ = {
			isa = XCBuildConfiguration;
			buildSettings = {
				INFOPLIST_FILE = FYRGBPicker_newUITests/Info.plist;
				LD_RUNPATH_SEARCH_PATHS = "$(inherited) @executable_path/Frameworks @loader_path/Frameworks";
				PRODUCT_BUNDLE_IDENTIFIER = "fumiko.FYRGBPicker-newUITests";
				PRODUCT_NAME = "$(TARGET_NAME)";
				TEST_TARGET_NAME = FYRGBPicker_new;
				USES_XCTRUNNER = YES;
			};
			name = Release;
		};
/* End XCBuildConfiguration section */

/* Begin XCConfigurationList section */
		1FAD11171D44511A00BA44A7 /* Build configuration list for PBXProject "FYRGBPicker_new" */ = {
			isa = XCConfigurationList;
			buildConfigurations = (
				1FAD11421D44511A00BA44A7 /* Debug */,
				1FAD11431D44511A00BA44A7 /* Release */,
			);
			defaultConfigurationIsVisible = 0;
			defaultConfigurationName = Release;
		};
		1FAD11441D44511A00BA44A7 /* Build configuration list for PBXNativeTarget "FYRGBPicker_new" */ = {
			isa = XCConfigurationList;
			buildConfigurations = (
				1FAD11451D44511A00BA44A7 /* Debug */,
				1FAD11461D44511A00BA44A7 /* Release */,
			);
			defaultConfigurationIsVisible = 0;
		};
		1FAD11471D44511A00BA44A7 /* Build configuration list for PBXNativeTarget "FYRGBPicker_newTests" */ = {
			isa = XCConfigurationList;
			buildConfigurations = (
				1FAD11481D44511A00BA44A7 /* Debug */,
				1FAD11491D44511A00BA44A7 /* Release */,
			);
			defaultConfigurationIsVisible = 0;
		};
		1FAD114A1D44511A00BA44A7 /* Build configuration list for PBXNativeTarget "FYRGBPicker_newUITests" */ = {
			isa = XCConfigurationList;
			buildConfigurations = (
				1FAD114B1D44511A00BA44A7 /* Debug */,
				1FAD114C1D44511A00BA44A7 /* Release */,
			);
			defaultConfigurationIsVisible = 0;
		};
/* End XCConfigurationList section */
	};
	rootObject = 1FAD11141D44511A00BA44A7 /* Project object */;
}
